
Microsoft Visual Studio Solution File, Format Version 12.00
# Visual Studio Version 17
VisualStudioVersion = 17.4.33122.133
MinimumVisualStudioVersion = 10.0.40219.1
Project("{9A19103F-16F7-4668-BE54-9A1E7A4F7556}") = "MemesFinderDecisionMaker", "MemesFinderDecisionMaker\MemesFinderDecisionMaker.csproj", "{1B806F1D-A406-4206-9F7F-19B1AA34C447}"
EndProject
Project("{9A19103F-16F7-4668-BE54-9A1E7A4F7556}") = "MemesFinderDecisionMaker.Models", "MemesFinderDecisionMaker.Models\MemesFinderDecisionMaker.Models.csproj", "{36390DEE-372B-4345-A074-34786F475200}"
EndProject
Project("{FAE04EC0-301F-11D3-BF4B-00C04F79EFBC}") = "MemesFinderDecisionMaker.Interfaces", "MemesFinderDecisionMaker.Interfaces\MemesFinderDecisionMaker.Interfaces.csproj", "{48ACCCE3-ECC2-4B15-B691-508CBABD14F2}"
EndProject
Global
	GlobalSection(SolutionConfigurationPlatforms) = preSolution
		Debug|Any CPU = Debug|Any CPU
		Release|Any CPU = Release|Any CPU
	EndGlobalSection
	GlobalSection(ProjectConfigurationPlatforms) = postSolution
		{1B806F1D-A406-4206-9F7F-19B1AA34C447}.Debug|Any CPU.ActiveCfg = Debug|Any CPU
		{1B806F1D-A406-4206-9F7F-19B1AA34C447}.Debug|Any CPU.Build.0 = Debug|Any CPU
		{1B806F1D-A406-4206-9F7F-19B1AA34C447}.Release|Any CPU.ActiveCfg = Release|Any CPU
		{1B806F1D-A406-4206-9F7F-19B1AA34C447}.Release|Any CPU.Build.0 = Release|Any CPU
		{36390DEE-372B-4345-A074-34786F475200}.Debug|Any CPU.ActiveCfg = Debug|Any CPU
		{36390DEE-372B-4345-A074-34786F475200}.Debug|Any CPU.Build.0 = Debug|Any CPU
		{36390DEE-372B-4345-A074-34786F475200}.Release|Any CPU.ActiveCfg = Release|Any CPU
		{36390DEE-372B-4345-A074-34786F475200}.Release|Any CPU.Build.0 = Release|Any CPU
		{48ACCCE3-ECC2-4B15-B691-508CBABD14F2}.Debug|Any CPU.ActiveCfg = Debug|Any CPU
		{48ACCCE3-ECC2-4B15-B691-508CBABD14F2}.Debug|Any CPU.Build.0 = Debug|Any CPU
		{48ACCCE3-ECC2-4B15-B691-508CBABD14F2}.Release|Any CPU.ActiveCfg = Release|Any CPU
		{48ACCCE3-ECC2-4B15-B691-508CBABD14F2}.Release|Any CPU.Build.0 = Release|Any CPU
	EndGlobalSection
	GlobalSection(SolutionProperties) = preSolution
		HideSolutionNode = FALSE
	EndGlobalSection
	GlobalSection(ExtensibilityGlobals) = postSolution
		SolutionGuid = {8326A2EF-15B9-4B57-9695-EBB7FC3CE9B5}
	EndGlobalSection
EndGlobal
